<?xml version="1.0" encoding="utf-8"?>
<Project ToolsVersion="4.0" xmlns="http://schemas.microsoft.com/developer/msbuild/2003">
  <ItemGroup>
    <Filter Include="源文件">
      <UniqueIdentifier>{4FC737F1-C7A5-4376-A066-2A32D752A2FF}</UniqueIdentifier>
      <Extensions>cpp;c;cc;cxx;c++;cppm;ixx;def;odl;idl;hpj;bat;asm;asmx</Extensions>
    </Filter>
    <Filter Include="头文件">
      <UniqueIdentifier>{93995380-89BD-4b04-88EB-625FBE52EBFB}</UniqueIdentifier>
      <Extensions>h;hh;hpp;hxx;h++;hm;inl;inc;ipp;xsd</Extensions>
    </Filter>
    <Filter Include="资源文件">
      <UniqueIdentifier>{67DA6AB6-F800-4c08-8B7A-83BB121AAD01}</UniqueIdentifier>
      <Extensions>rc;ico;cur;bmp;dlg;rc2;rct;bin;rgs;gif;jpg;jpeg;jpe;resx;tiff;tif;png;wav;mfcribbon-ms</Extensions>
    </Filter>
    <Filter Include="源文件\1-10">
      <UniqueIdentifier>{eeb43414-0dab-46c2-949c-85e9826ad9fa}</UniqueIdentifier>
    </Filter>
    <Filter Include="源文件\11-20">
      <UniqueIdentifier>{f17b6fed-de98-4ff1-8c27-c3690e21650f}</UniqueIdentifier>
    </Filter>
    <Filter Include="源文件\21-30">
      <UniqueIdentifier>{6e06dafd-30df-4689-88ca-2c106271b03b}</UniqueIdentifier>
    </Filter>
    <Filter Include="源文件\31-40">
      <UniqueIdentifier>{9714b9d7-165d-4575-97cd-60f314b20916}</UniqueIdentifier>
    </Filter>
    <Filter Include="源文件\41-50">
      <UniqueIdentifier>{ef742240-6268-40ac-995a-b430d033569b}</UniqueIdentifier>
    </Filter>
    <Filter Include="源文件\51-60">
      <UniqueIdentifier>{d1e8a0be-eb23-40f9-bac3-72efd1450401}</UniqueIdentifier>
    </Filter>
    <Filter Include="源文件\61-70">
      <UniqueIdentifier>{eadfa9b9-6fb1-4c06-b0e4-32483ec17323}</UniqueIdentifier>
    </Filter>
    <Filter Include="源文件\71-80">
      <UniqueIdentifier>{666b7ae2-ad5f-491f-9a57-58a0bdf2215e}</UniqueIdentifier>
    </Filter>
    <Filter Include="源文件\81-90">
      <UniqueIdentifier>{314762fb-2c12-4e0d-9099-61c76bc178f4}</UniqueIdentifier>
    </Filter>
    <Filter Include="源文件\91-100">
      <UniqueIdentifier>{779baeee-420f-4d58-9ca3-63837a6c0137}</UniqueIdentifier>
    </Filter>
    <Filter Include="源文件\101-110">
      <UniqueIdentifier>{658e5ba7-049f-4b3b-86b9-f5e3f16927da}</UniqueIdentifier>
    </Filter>
    <Filter Include="源文件\111-120">
      <UniqueIdentifier>{b1d10158-10e9-49ca-812c-98736eb81278}</UniqueIdentifier>
    </Filter>
  </ItemGroup>
  <ItemGroup>
    <ClCompile Include="Solution637AverageOfLevels.cpp">
      <Filter>源文件</Filter>
    </ClCompile>
    <ClCompile Include="Solution001TwoSum.cpp">
      <Filter>源文件\1-10</Filter>
    </ClCompile>
    <ClCompile Include="Solution002AddTwoNumbers.cpp">
      <Filter>源文件\1-10</Filter>
    </ClCompile>
    <ClCompile Include="Solution003LongestSubstringWithoutRepeatingCharacters.cpp">
      <Filter>源文件\1-10</Filter>
    </ClCompile>
    <ClCompile Include="Solution004MedianOfTwoSortedArrays.cpp">
      <Filter>源文件\1-10</Filter>
    </ClCompile>
    <ClCompile Include="Solution005LongestPalindrome.cpp">
      <Filter>源文件\1-10</Filter>
    </ClCompile>
    <ClCompile Include="Solution006Convert.cpp">
      <Filter>源文件\1-10</Filter>
    </ClCompile>
    <ClCompile Include="Solution007Reverse.cpp">
      <Filter>源文件\1-10</Filter>
    </ClCompile>
    <ClCompile Include="Solution008MyAtoi.cpp">
      <Filter>源文件\1-10</Filter>
    </ClCompile>
    <ClCompile Include="Solution009IsPalindrome.cpp">
      <Filter>源文件\1-10</Filter>
    </ClCompile>
    <ClCompile Include="Solution010IsMatch.cpp">
      <Filter>源文件\1-10</Filter>
    </ClCompile>
    <ClCompile Include="Solution011MaxArea.cpp">
      <Filter>源文件\11-20</Filter>
    </ClCompile>
    <ClCompile Include="Solution012IntToRoman.cpp">
      <Filter>源文件\11-20</Filter>
    </ClCompile>
    <ClCompile Include="Solution013RomanToInt.cpp">
      <Filter>源文件\11-20</Filter>
    </ClCompile>
    <ClCompile Include="Solution014LongestCommonPrefix.cpp">
      <Filter>源文件\11-20</Filter>
    </ClCompile>
    <ClCompile Include="Solution015ThreeSum.cpp">
      <Filter>源文件\11-20</Filter>
    </ClCompile>
    <ClCompile Include="Solution016ThreeSumClosest.cpp">
      <Filter>源文件\11-20</Filter>
    </ClCompile>
    <ClCompile Include="Solution017LetterCombinations.cpp">
      <Filter>源文件\11-20</Filter>
    </ClCompile>
    <ClCompile Include="Solution018FourSum.cpp">
      <Filter>源文件\11-20</Filter>
    </ClCompile>
    <ClCompile Include="Solution019RemoveNthFromEnd.cpp">
      <Filter>源文件\11-20</Filter>
    </ClCompile>
    <ClCompile Include="Solution020IsValid.cpp">
      <Filter>源文件\11-20</Filter>
    </ClCompile>
    <ClCompile Include="Solution021MergeTwoLists.cpp">
      <Filter>源文件\21-30</Filter>
    </ClCompile>
    <ClCompile Include="Solution022GenerateParenthesis.cpp">
      <Filter>源文件\21-30</Filter>
    </ClCompile>
    <ClCompile Include="Solution023MergeKLists.cpp">
      <Filter>源文件\21-30</Filter>
    </ClCompile>
    <ClCompile Include="Solution024SwapPairs.cpp">
      <Filter>源文件\21-30</Filter>
    </ClCompile>
    <ClCompile Include="Solution025ReverseKGroup.cpp">
      <Filter>源文件\21-30</Filter>
    </ClCompile>
    <ClCompile Include="Solution026RemoveDuplicates.cpp">
      <Filter>源文件\21-30</Filter>
    </ClCompile>
    <ClCompile Include="Solution027RemoveElement.cpp">
      <Filter>源文件\21-30</Filter>
    </ClCompile>
    <ClCompile Include="Solution028StrStr.cpp">
      <Filter>源文件\21-30</Filter>
    </ClCompile>
    <ClCompile Include="Solution029Divide.cpp">
      <Filter>源文件\21-30</Filter>
    </ClCompile>
    <ClCompile Include="Solution030FindSubstring.cpp">
      <Filter>源文件\21-30</Filter>
    </ClCompile>
    <ClCompile Include="Solution031NextPermutation.cpp">
      <Filter>源文件\31-40</Filter>
    </ClCompile>
    <ClCompile Include="Solution032LongestValidParentheses.cpp">
      <Filter>源文件\31-40</Filter>
    </ClCompile>
    <ClCompile Include="Solution033Search.cpp">
      <Filter>源文件\31-40</Filter>
    </ClCompile>
    <ClCompile Include="Solution034SearchRange.cpp">
      <Filter>源文件\31-40</Filter>
    </ClCompile>
    <ClCompile Include="Solution035SearchInsert.cpp">
      <Filter>源文件\31-40</Filter>
    </ClCompile>
    <ClCompile Include="Solution036IsValidSudoku.cpp">
      <Filter>源文件\31-40</Filter>
    </ClCompile>
    <ClCompile Include="Solution037SolveSudoku.cpp">
      <Filter>源文件\31-40</Filter>
    </ClCompile>
    <ClCompile Include="Solution038CountAndSay.cpp">
      <Filter>源文件\31-40</Filter>
    </ClCompile>
    <ClCompile Include="Solution039CombinationSum.cpp">
      <Filter>源文件\31-40</Filter>
    </ClCompile>
    <ClCompile Include="Solution040CombinationSum2.cpp">
      <Filter>源文件\31-40</Filter>
    </ClCompile>
    <ClCompile Include="Solution041FirstMissingPositive.cpp">
      <Filter>源文件\41-50</Filter>
    </ClCompile>
    <ClCompile Include="Solution042Trap.cpp">
      <Filter>源文件\41-50</Filter>
    </ClCompile>
    <ClCompile Include="Solution043Multiply.cpp">
      <Filter>源文件\41-50</Filter>
    </ClCompile>
    <ClCompile Include="Solution044IsMatch.cpp">
      <Filter>源文件\41-50</Filter>
    </ClCompile>
    <ClCompile Include="Solution045Jump.cpp">
      <Filter>源文件\41-50</Filter>
    </ClCompile>
    <ClCompile Include="Solution046Permute.cpp">
      <Filter>源文件\41-50</Filter>
    </ClCompile>
    <ClCompile Include="Solution047PermuteUnique.cpp">
      <Filter>源文件\41-50</Filter>
    </ClCompile>
    <ClCompile Include="Solution048Rotate.cpp">
      <Filter>源文件\41-50</Filter>
    </ClCompile>
    <ClCompile Include="Solution049GroupAnagrams.cpp">
      <Filter>源文件\41-50</Filter>
    </ClCompile>
    <ClCompile Include="Solution050MyPow.cpp">
      <Filter>源文件\41-50</Filter>
    </ClCompile>
    <ClCompile Include="Solution051SolveNQueens.cpp">
      <Filter>源文件\51-60</Filter>
    </ClCompile>
    <ClCompile Include="Solution052TotalNQueens.cpp">
      <Filter>源文件\51-60</Filter>
    </ClCompile>
    <ClCompile Include="Solution053MaxSubArray.cpp">
      <Filter>源文件\51-60</Filter>
    </ClCompile>
    <ClCompile Include="Solution054SpiralOrder.cpp">
      <Filter>源文件\51-60</Filter>
    </ClCompile>
    <ClCompile Include="Solution055CanJump.cpp">
      <Filter>源文件\51-60</Filter>
    </ClCompile>
    <ClCompile Include="Solution056Merge.cpp">
      <Filter>源文件\51-60</Filter>
    </ClCompile>
    <ClCompile Include="Solution057Insert.cpp">
      <Filter>源文件\51-60</Filter>
    </ClCompile>
    <ClCompile Include="Solution058LengthOfLastWord.cpp">
      <Filter>源文件\51-60</Filter>
    </ClCompile>
    <ClCompile Include="Solution059GenerateMatrix.cpp">
      <Filter>源文件\51-60</Filter>
    </ClCompile>
    <ClCompile Include="Solution060GetPermutation.cpp">
      <Filter>源文件\51-60</Filter>
    </ClCompile>
    <ClCompile Include="Solution061RotateRight.cpp">
      <Filter>源文件\61-70</Filter>
    </ClCompile>
    <ClCompile Include="Solution062UniquePaths.cpp">
      <Filter>源文件\61-70</Filter>
    </ClCompile>
    <ClCompile Include="Solution063UniquePathsWithObstacles.cpp">
      <Filter>源文件\61-70</Filter>
    </ClCompile>
    <ClCompile Include="Solution064MinPathSum.cpp">
      <Filter>源文件\61-70</Filter>
    </ClCompile>
    <ClCompile Include="Solution065IsNumber.cpp">
      <Filter>源文件\61-70</Filter>
    </ClCompile>
    <ClCompile Include="Solution066PlusOne.cpp">
      <Filter>源文件\61-70</Filter>
    </ClCompile>
    <ClCompile Include="Solution067AddBinary.cpp">
      <Filter>源文件\61-70</Filter>
    </ClCompile>
    <ClCompile Include="Solution068FullJustify.cpp">
      <Filter>源文件\61-70</Filter>
    </ClCompile>
    <ClCompile Include="Solution069MySqrt.cpp">
      <Filter>源文件\61-70</Filter>
    </ClCompile>
    <ClCompile Include="Solution070CimbStairs.cpp">
      <Filter>源文件\61-70</Filter>
    </ClCompile>
    <ClCompile Include="Solution071SimplifyPath.cpp">
      <Filter>源文件\71-80</Filter>
    </ClCompile>
    <ClCompile Include="Solution072MinDistance.cpp">
      <Filter>源文件\71-80</Filter>
    </ClCompile>
    <ClCompile Include="Solution073SetZeroes.cpp">
      <Filter>源文件\71-80</Filter>
    </ClCompile>
    <ClCompile Include="Solution074SearchMatrix.cpp">
      <Filter>源文件\71-80</Filter>
    </ClCompile>
    <ClCompile Include="Solution075SortColors.cpp">
      <Filter>源文件\71-80</Filter>
    </ClCompile>
    <ClCompile Include="Solution076MinWindow.cpp">
      <Filter>源文件\71-80</Filter>
    </ClCompile>
    <ClCompile Include="Solution077Combine.cpp">
      <Filter>源文件\71-80</Filter>
    </ClCompile>
    <ClCompile Include="Solution078Subsets.cpp">
      <Filter>源文件\71-80</Filter>
    </ClCompile>
    <ClCompile Include="Solution079Exist.cpp">
      <Filter>源文件\71-80</Filter>
    </ClCompile>
    <ClCompile Include="Solution080RemoveDuplicates.cpp">
      <Filter>源文件\71-80</Filter>
    </ClCompile>
    <ClCompile Include="Solution081Search.cpp">
      <Filter>源文件\81-90</Filter>
    </ClCompile>
    <ClCompile Include="Solution082DeleteDuplicates.cpp">
      <Filter>源文件\81-90</Filter>
    </ClCompile>
    <ClCompile Include="Solution083DeleteDuplicates.cpp">
      <Filter>源文件\81-90</Filter>
    </ClCompile>
    <ClCompile Include="ListNode.cpp">
      <Filter>源文件</Filter>
    </ClCompile>
    <ClCompile Include="Solution084LargestRectangleArea.cpp">
      <Filter>源文件\81-90</Filter>
    </ClCompile>
    <ClCompile Include="Solution085MaximalRectangle.cpp">
      <Filter>源文件\81-90</Filter>
    </ClCompile>
    <ClCompile Include="Solution086Partition.cpp">
      <Filter>源文件\81-90</Filter>
    </ClCompile>
    <ClCompile Include="Solution087IsScramble.cpp">
      <Filter>源文件\81-90</Filter>
    </ClCompile>
    <ClCompile Include="Solution088Merge.cpp">
      <Filter>源文件\81-90</Filter>
    </ClCompile>
    <ClCompile Include="Solution089GrayCode.cpp">
      <Filter>源文件\81-90</Filter>
    </ClCompile>
    <ClCompile Include="Solution090SubsetsWithDup.cpp">
      <Filter>源文件\81-90</Filter>
    </ClCompile>
    <ClCompile Include="Solution091NumDecodings.cpp">
      <Filter>源文件\91-100</Filter>
    </ClCompile>
    <ClCompile Include="Solution092ReverseBetween.cpp">
      <Filter>源文件\91-100</Filter>
    </ClCompile>
    <ClCompile Include="Solution093RestoreIpAddresses.cpp">
      <Filter>源文件\91-100</Filter>
    </ClCompile>
    <ClCompile Include="Solution094InorderTraversal.cpp">
      <Filter>源文件\91-100</Filter>
    </ClCompile>
    <ClCompile Include="TreeNode.cpp">
      <Filter>源文件</Filter>
    </ClCompile>
    <ClCompile Include="Solution095GenerateTrees.cpp">
      <Filter>源文件\91-100</Filter>
    </ClCompile>
    <ClCompile Include="Solution096NumTrees.cpp">
      <Filter>源文件\91-100</Filter>
    </ClCompile>
    <ClCompile Include="Solution097IsInterleave.cpp">
      <Filter>源文件\91-100</Filter>
    </ClCompile>
    <ClCompile Include="Solution098IsValidBST.cpp">
      <Filter>源文件\91-100</Filter>
    </ClCompile>
    <ClCompile Include="Solution099RecoverTree.cpp">
      <Filter>源文件\91-100</Filter>
    </ClCompile>
    <ClCompile Include="Solution100IsSameTree.cpp">
      <Filter>源文件\91-100</Filter>
    </ClCompile>
    <ClCompile Include="Solution101IsSymmetric.cpp">
      <Filter>源文件\101-110</Filter>
    </ClCompile>
    <ClCompile Include="Solution102LevelOrder.cpp">
      <Filter>源文件\101-110</Filter>
    </ClCompile>
    <ClCompile Include="Solution103ZigzagLevelOrder.cpp">
      <Filter>源文件\101-110</Filter>
    </ClCompile>
    <ClCompile Include="Solution104MaxDepth.cpp">
      <Filter>源文件\101-110</Filter>
    </ClCompile>
    <ClCompile Include="Solution105BuildTree.cpp">
      <Filter>源文件\101-110</Filter>
    </ClCompile>
    <ClCompile Include="Solution106BuildTree.cpp">
      <Filter>源文件\101-110</Filter>
    </ClCompile>
    <ClCompile Include="Solution107LevelOrderBottom.cpp">
      <Filter>源文件\101-110</Filter>
    </ClCompile>
    <ClCompile Include="Solution108SortedArrayToBST.cpp">
      <Filter>源文件\101-110</Filter>
    </ClCompile>
    <ClCompile Include="Solution109SortedListToBST.cpp">
      <Filter>源文件\101-110</Filter>
    </ClCompile>
    <ClCompile Include="Solution110IsBalanced.cpp">
      <Filter>源文件\101-110</Filter>
    </ClCompile>
    <ClCompile Include="Solution111MinDepth.cpp">
      <Filter>源文件\111-120</Filter>
    </ClCompile>
    <ClCompile Include="Solution112HasPathSum.cpp">
      <Filter>源文件\111-120</Filter>
    </ClCompile>
    <ClCompile Include="Solution113PathSum.cpp">
      <Filter>源文件\111-120</Filter>
    </ClCompile>
    <ClCompile Include="Solution114Flatten.cpp">
      <Filter>源文件\111-120</Filter>
    </ClCompile>
    <ClCompile Include="Solution115NumDistinct.cpp">
      <Filter>源文件\111-120</Filter>
    </ClCompile>
    <ClCompile Include="Solution116Connect.cpp">
      <Filter>源文件\111-120</Filter>
    </ClCompile>
    <ClCompile Include="Node.cpp">
      <Filter>源文件</Filter>
    </ClCompile>
    <ClCompile Include="Solution117Connect.cpp">
      <Filter>源文件\111-120</Filter>
    </ClCompile>
    <ClCompile Include="Solution118Generate.cpp">
      <Filter>源文件\111-120</Filter>
    </ClCompile>
    <ClCompile Include="Solution119GetRow.cpp">
      <Filter>源文件\111-120</Filter>
    </ClCompile>
    <ClCompile Include="Solution120MinimumTotal.cpp">
      <Filter>源文件\111-120</Filter>
    </ClCompile>
  </ItemGroup>
  <ItemGroup>
    <ClInclude Include="ListNode.h">
      <Filter>头文件</Filter>
    </ClInclude>
    <ClInclude Include="TreeNode.h">
      <Filter>头文件</Filter>
    </ClInclude>
    <ClInclude Include="Node.h">
      <Filter>头文件</Filter>
    </ClInclude>
  </ItemGroup>
</Project>