<?xml version="1.0" encoding="utf-8"?>
<Project ToolsVersion="4.0" xmlns="http://schemas.microsoft.com/developer/msbuild/2003">
  <ItemGroup>
    <Filter Include="源文件">
      <UniqueIdentifier>{4FC737F1-C7A5-4376-A066-2A32D752A2FF}</UniqueIdentifier>
      <Extensions>cpp;c;cc;cxx;c++;cppm;ixx;def;odl;idl;hpj;bat;asm;asmx</Extensions>
    </Filter>
    <Filter Include="头文件">
      <UniqueIdentifier>{93995380-89BD-4b04-88EB-625FBE52EBFB}</UniqueIdentifier>
      <Extensions>h;hh;hpp;hxx;h++;hm;inl;inc;ipp;xsd</Extensions>
    </Filter>
    <Filter Include="资源文件">
      <UniqueIdentifier>{67DA6AB6-F800-4c08-8B7A-83BB121AAD01}</UniqueIdentifier>
      <Extensions>rc;ico;cur;bmp;dlg;rc2;rct;bin;rgs;gif;jpg;jpeg;jpe;resx;tiff;tif;png;wav;mfcribbon-ms</Extensions>
    </Filter>
  </ItemGroup>
  <ItemGroup>
    <ClCompile Include="Solution001TwoSum.cpp">
      <Filter>源文件</Filter>
    </ClCompile>
    <ClCompile Include="Solution002AddTwoNumbers.cpp">
      <Filter>源文件</Filter>
    </ClCompile>
    <ClCompile Include="Solution003LongestSubstringWithoutRepeatingCharacters.cpp">
      <Filter>源文件</Filter>
    </ClCompile>
    <ClCompile Include="Solution004MedianOfTwoSortedArrays.cpp">
      <Filter>源文件</Filter>
    </ClCompile>
    <ClCompile Include="Solution005LongestPalindrome.cpp">
      <Filter>源文件</Filter>
    </ClCompile>
    <ClCompile Include="Solution006Convert.cpp">
      <Filter>源文件</Filter>
    </ClCompile>
    <ClCompile Include="Solution007Reverse.cpp">
      <Filter>源文件</Filter>
    </ClCompile>
    <ClCompile Include="Solution008MyAtoi.cpp">
      <Filter>源文件</Filter>
    </ClCompile>
    <ClCompile Include="Solution009IsPalindrome.cpp">
      <Filter>源文件</Filter>
    </ClCompile>
    <ClCompile Include="Solution010IsMatch.cpp">
      <Filter>源文件</Filter>
    </ClCompile>
    <ClCompile Include="Solution011MaxArea.cpp">
      <Filter>源文件</Filter>
    </ClCompile>
    <ClCompile Include="Solution012IntToRoman.cpp">
      <Filter>源文件</Filter>
    </ClCompile>
    <ClCompile Include="Solution013RomanToInt.cpp">
      <Filter>源文件</Filter>
    </ClCompile>
    <ClCompile Include="Solution014LongestCommonPrefix.cpp">
      <Filter>源文件</Filter>
    </ClCompile>
    <ClCompile Include="Solution015ThreeSum.cpp">
      <Filter>源文件</Filter>
    </ClCompile>
    <ClCompile Include="Solution016ThreeSumClosest.cpp">
      <Filter>源文件</Filter>
    </ClCompile>
    <ClCompile Include="Solution017LetterCombinations.cpp">
      <Filter>源文件</Filter>
    </ClCompile>
    <ClCompile Include="Solution018FourSum.cpp">
      <Filter>源文件</Filter>
    </ClCompile>
    <ClCompile Include="Solution019RemoveNthFromEnd.cpp">
      <Filter>源文件</Filter>
    </ClCompile>
    <ClCompile Include="Solution020IsValid.cpp">
      <Filter>源文件</Filter>
    </ClCompile>
    <ClCompile Include="Solution021MergeTwoLists.cpp">
      <Filter>源文件</Filter>
    </ClCompile>
    <ClCompile Include="Solution022GenerateParenthesis.cpp">
      <Filter>源文件</Filter>
    </ClCompile>
    <ClCompile Include="Solution023MergeKLists.cpp">
      <Filter>源文件</Filter>
    </ClCompile>
    <ClCompile Include="Solution024SwapPairs.cpp">
      <Filter>源文件</Filter>
    </ClCompile>
    <ClCompile Include="Solution025ReverseKGroup.cpp">
      <Filter>源文件</Filter>
    </ClCompile>
    <ClCompile Include="Solution026RemoveDuplicates.cpp">
      <Filter>源文件</Filter>
    </ClCompile>
    <ClCompile Include="Solution027RemoveElement.cpp">
      <Filter>源文件</Filter>
    </ClCompile>
    <ClCompile Include="Solution028StrStr.cpp">
      <Filter>源文件</Filter>
    </ClCompile>
    <ClCompile Include="Solution029Divide.cpp">
      <Filter>源文件</Filter>
    </ClCompile>
    <ClCompile Include="Solution030FindSubstring.cpp">
      <Filter>源文件</Filter>
    </ClCompile>
    <ClCompile Include="Solution031NextPermutation.cpp">
      <Filter>源文件</Filter>
    </ClCompile>
    <ClCompile Include="Solution032LongestValidParentheses.cpp">
      <Filter>源文件</Filter>
    </ClCompile>
    <ClCompile Include="Solution033Search.cpp">
      <Filter>源文件</Filter>
    </ClCompile>
    <ClCompile Include="Solution034SearchRange.cpp">
      <Filter>源文件</Filter>
    </ClCompile>
    <ClCompile Include="Solution035SearchInsert.cpp">
      <Filter>源文件</Filter>
    </ClCompile>
    <ClCompile Include="Solution036IsValidSudoku.cpp">
      <Filter>源文件</Filter>
    </ClCompile>
    <ClCompile Include="Solution037SolveSudoku.cpp">
      <Filter>源文件</Filter>
    </ClCompile>
    <ClCompile Include="Solution038CountAndSay.cpp">
      <Filter>源文件</Filter>
    </ClCompile>
    <ClCompile Include="Solution637AverageOfLevels.cpp">
      <Filter>源文件</Filter>
    </ClCompile>
    <ClCompile Include="Solution039CombinationSum.cpp">
      <Filter>源文件</Filter>
    </ClCompile>
    <ClCompile Include="Solution040CombinationSum2.cpp">
      <Filter>源文件</Filter>
    </ClCompile>
    <ClCompile Include="Solution041FirstMissingPositive.cpp">
      <Filter>源文件</Filter>
    </ClCompile>
    <ClCompile Include="Solution042Trap.cpp">
      <Filter>源文件</Filter>
    </ClCompile>
    <ClCompile Include="Solution043Multiply.cpp">
      <Filter>源文件</Filter>
    </ClCompile>
    <ClCompile Include="Solution044IsMatch.cpp">
      <Filter>源文件</Filter>
    </ClCompile>
    <ClCompile Include="Solution045Jump.cpp">
      <Filter>源文件</Filter>
    </ClCompile>
    <ClCompile Include="Solution046Permute.cpp">
      <Filter>源文件</Filter>
    </ClCompile>
    <ClCompile Include="Solution047PermuteUnique.cpp">
      <Filter>源文件</Filter>
    </ClCompile>
    <ClCompile Include="Solution048Rotate.cpp">
      <Filter>源文件</Filter>
    </ClCompile>
    <ClCompile Include="Solution049GroupAnagrams.cpp">
      <Filter>源文件</Filter>
    </ClCompile>
    <ClCompile Include="Solution050MyPow.cpp">
      <Filter>源文件</Filter>
    </ClCompile>
    <ClCompile Include="Solution051SolveNQueens.cpp">
      <Filter>源文件</Filter>
    </ClCompile>
    <ClCompile Include="Solution052TotalNQueens.cpp">
      <Filter>源文件</Filter>
    </ClCompile>
    <ClCompile Include="Solution053MaxSubArray.cpp">
      <Filter>源文件</Filter>
    </ClCompile>
    <ClCompile Include="Solution054SpiralOrder.cpp">
      <Filter>源文件</Filter>
    </ClCompile>
    <ClCompile Include="Solution055CanJump.cpp">
      <Filter>源文件</Filter>
    </ClCompile>
    <ClCompile Include="Solution056Merge.cpp">
      <Filter>源文件</Filter>
    </ClCompile>
    <ClCompile Include="Solution057Insert.cpp">
      <Filter>源文件</Filter>
    </ClCompile>
    <ClCompile Include="Solution058LengthOfLastWord.cpp">
      <Filter>源文件</Filter>
    </ClCompile>
    <ClCompile Include="Solution059GenerateMatrix.cpp">
      <Filter>源文件</Filter>
    </ClCompile>
    <ClCompile Include="Solution060GetPermutation.cpp">
      <Filter>源文件</Filter>
    </ClCompile>
    <ClCompile Include="Solution061RotateRight.cpp">
      <Filter>源文件</Filter>
    </ClCompile>
    <ClCompile Include="Solution062UniquePaths.cpp">
      <Filter>源文件</Filter>
    </ClCompile>
    <ClCompile Include="Solution063UniquePathsWithObstacles.cpp">
      <Filter>源文件</Filter>
    </ClCompile>
    <ClCompile Include="Solution064MinPathSum.cpp">
      <Filter>源文件</Filter>
    </ClCompile>
    <ClCompile Include="Solution065IsNumber.cpp">
      <Filter>源文件</Filter>
    </ClCompile>
    <ClCompile Include="Solution066PlusOne.cpp">
      <Filter>源文件</Filter>
    </ClCompile>
    <ClCompile Include="Solution067AddBinary.cpp">
      <Filter>源文件</Filter>
    </ClCompile>
    <ClCompile Include="Solution068FullJustify.cpp">
      <Filter>源文件</Filter>
    </ClCompile>
    <ClCompile Include="Solution069MySqrt.cpp">
      <Filter>源文件</Filter>
    </ClCompile>
    <ClCompile Include="Solution070CimbStairs.cpp">
      <Filter>源文件</Filter>
    </ClCompile>
  </ItemGroup>
</Project>